// !$*UTF8*$!
{
	archiveVersion = 1;
	classes = {
	};
	objectVersion = 56;
	objects = {

/* Begin PBXBuildFile section */
		3610971D2B20568B004DBFD6 /* BaseViewController.swift in Sources */ = {isa = PBXBuildFile; fileRef = 3610971C2B20568B004DBFD6 /* BaseViewController.swift */; };
		3610971F2B207650004DBFD6 /* FutureCollectionViewCell.swift in Sources */ = {isa = PBXBuildFile; fileRef = 3610971E2B207650004DBFD6 /* FutureCollectionViewCell.swift */; };
		361097232B209350004DBFD6 /* JobsTableViewCell.swift in Sources */ = {isa = PBXBuildFile; fileRef = 361097222B209350004DBFD6 /* JobsTableViewCell.swift */; };
		36129F5D2B22C3BE00124549 /* InActiveProductModel.swift in Sources */ = {isa = PBXBuildFile; fileRef = 36129F5C2B22C3BE00124549 /* InActiveProductModel.swift */; };
		36129F5F2B22D5EB00124549 /* InactiveJobsViewModel.swift in Sources */ = {isa = PBXBuildFile; fileRef = 36129F5E2B22D5EB00124549 /* InactiveJobsViewModel.swift */; };
		36131FF62B20D018004CDA22 /* JobsModel.swift in Sources */ = {isa = PBXBuildFile; fileRef = 36131FF52B20D018004CDA22 /* JobsModel.swift */; };
		36131FF82B20D563004CDA22 /* JobsViewModel.swift in Sources */ = {isa = PBXBuildFile; fileRef = 36131FF72B20D563004CDA22 /* JobsViewModel.swift */; };
		361E57DC2B1E3D7000EFCE3A /* Network.swift in Sources */ = {isa = PBXBuildFile; fileRef = 361E57DB2B1E3D7000EFCE3A /* Network.swift */; };
		363267CA2B1EC77A000376F5 /* LoginViewModel.swift in Sources */ = {isa = PBXBuildFile; fileRef = 363267C92B1EC77A000376F5 /* LoginViewModel.swift */; };
		363267CC2B1EC81D000376F5 /* LoginModel.swift in Sources */ = {isa = PBXBuildFile; fileRef = 363267CB2B1EC81D000376F5 /* LoginModel.swift */; };
		363267CF2B1EF1BB000376F5 /* ValidationManager.swift in Sources */ = {isa = PBXBuildFile; fileRef = 363267CE2B1EF1BB000376F5 /* ValidationManager.swift */; };
		363267D12B1EF483000376F5 /* StringExtension.swift in Sources */ = {isa = PBXBuildFile; fileRef = 363267D02B1EF483000376F5 /* StringExtension.swift */; };
		365D35DC2B1F887E00A88D60 /* CustomNavigationViewController.swift in Sources */ = {isa = PBXBuildFile; fileRef = 365D35DB2B1F887E00A88D60 /* CustomNavigationViewController.swift */; };
		365D35DF2B1F8B1C00A88D60 /* WorkViewController.swift in Sources */ = {isa = PBXBuildFile; fileRef = 365D35DE2B1F8B1C00A88D60 /* WorkViewController.swift */; };
		365D35E12B1F8B2B00A88D60 /* RecruitViewController.swift in Sources */ = {isa = PBXBuildFile; fileRef = 365D35E02B1F8B2B00A88D60 /* RecruitViewController.swift */; };
		365D35E32B1F8B3900A88D60 /* SocialViewController.swift in Sources */ = {isa = PBXBuildFile; fileRef = 365D35E22B1F8B3800A88D60 /* SocialViewController.swift */; };
		365D35E52B1F8B4300A88D60 /* MessageViewController.swift in Sources */ = {isa = PBXBuildFile; fileRef = 365D35E42B1F8B4300A88D60 /* MessageViewController.swift */; };
		365D35E72B1F8B5200A88D60 /* ProfileViewController.swift in Sources */ = {isa = PBXBuildFile; fileRef = 365D35E62B1F8B5200A88D60 /* ProfileViewController.swift */; };
		365D35E92B1F97BC00A88D60 /* CircularProgressView.swift in Sources */ = {isa = PBXBuildFile; fileRef = 365D35E82B1F97BC00A88D60 /* CircularProgressView.swift */; };
		365FC4F42B1E6C8F00412FF4 /* UIViewExtension.swift in Sources */ = {isa = PBXBuildFile; fileRef = 365FC4F32B1E6C8F00412FF4 /* UIViewExtension.swift */; };
		365FC4F62B1E6C9500412FF4 /* UIColorExtension.swift in Sources */ = {isa = PBXBuildFile; fileRef = 365FC4F52B1E6C9500412FF4 /* UIColorExtension.swift */; };
		365FC4FB2B1E6DA500412FF4 /* SecondSplashScreenViewController.swift in Sources */ = {isa = PBXBuildFile; fileRef = 365FC4FA2B1E6DA500412FF4 /* SecondSplashScreenViewController.swift */; };
		365FC4FE2B1E6EB000412FF4 /* Poppins in Resources */ = {isa = PBXBuildFile; fileRef = 365FC4FD2B1E6EAF00412FF4 /* Poppins */; };
		365FC5022B1E787200412FF4 /* Launch Screen.storyboard in Resources */ = {isa = PBXBuildFile; fileRef = 365FC5012B1E787200412FF4 /* Launch Screen.storyboard */; };
		365FC5042B1E8A7900412FF4 /* SignInViewController.swift in Sources */ = {isa = PBXBuildFile; fileRef = 365FC5032B1E8A7900412FF4 /* SignInViewController.swift */; };
		365FC5062B1E8AD700412FF4 /* VerifyOTPViewController.swift in Sources */ = {isa = PBXBuildFile; fileRef = 365FC5052B1E8AD700412FF4 /* VerifyOTPViewController.swift */; };
		365FC5082B1E8B0200412FF4 /* CorrectPhoneNumberPOPViewController.swift in Sources */ = {isa = PBXBuildFile; fileRef = 365FC5072B1E8B0200412FF4 /* CorrectPhoneNumberPOPViewController.swift */; };
		365FC50A2B1E930B00412FF4 /* DashBoardViewController.swift in Sources */ = {isa = PBXBuildFile; fileRef = 365FC5092B1E930B00412FF4 /* DashBoardViewController.swift */; };
		36D97E782B2708F4006275C8 /* ImageDownloadManager.swift in Sources */ = {isa = PBXBuildFile; fileRef = 36D97E772B2708F4006275C8 /* ImageDownloadManager.swift */; };
		36DB407C2B21E389009EDA05 /* UserDefaultManager.swift in Sources */ = {isa = PBXBuildFile; fileRef = 36DB407B2B21E389009EDA05 /* UserDefaultManager.swift */; };
		36DB407E2B21E570009EDA05 /* DeviceIdManager.swift in Sources */ = {isa = PBXBuildFile; fileRef = 36DB407D2B21E570009EDA05 /* DeviceIdManager.swift */; };
		36E233622B1E2D22001AE0D5 /* AppDelegate.swift in Sources */ = {isa = PBXBuildFile; fileRef = 36E233612B1E2D22001AE0D5 /* AppDelegate.swift */; };
		36E233642B1E2D22001AE0D5 /* SceneDelegate.swift in Sources */ = {isa = PBXBuildFile; fileRef = 36E233632B1E2D22001AE0D5 /* SceneDelegate.swift */; };
		36E233662B1E2D22001AE0D5 /* ViewController.swift in Sources */ = {isa = PBXBuildFile; fileRef = 36E233652B1E2D22001AE0D5 /* ViewController.swift */; };
		36E233692B1E2D22001AE0D5 /* Main.storyboard in Resources */ = {isa = PBXBuildFile; fileRef = 36E233672B1E2D22001AE0D5 /* Main.storyboard */; };
		36E2336B2B1E2D23001AE0D5 /* Assets.xcassets in Resources */ = {isa = PBXBuildFile; fileRef = 36E2336A2B1E2D23001AE0D5 /* Assets.xcassets */; };
		36E8822E2B1F58140094A35C /* VerifyPhoneNumberModel.swift in Sources */ = {isa = PBXBuildFile; fileRef = 36E8822D2B1F58140094A35C /* VerifyPhoneNumberModel.swift */; };
		36E882302B1F5D4E0094A35C /* verifyNumberModelView.swift in Sources */ = {isa = PBXBuildFile; fileRef = 36E8822F2B1F5D4E0094A35C /* verifyNumberModelView.swift */; };
/* End PBXBuildFile section */

/* Begin PBXFileReference section */
		3610971C2B20568B004DBFD6 /* BaseViewController.swift */ = {isa = PBXFileReference; lastKnownFileType = sourcecode.swift; path = BaseViewController.swift; sourceTree = "<group>"; };
		3610971E2B207650004DBFD6 /* FutureCollectionViewCell.swift */ = {isa = PBXFileReference; lastKnownFileType = sourcecode.swift; path = FutureCollectionViewCell.swift; sourceTree = "<group>"; };
		361097222B209350004DBFD6 /* JobsTableViewCell.swift */ = {isa = PBXFileReference; lastKnownFileType = sourcecode.swift; path = JobsTableViewCell.swift; sourceTree = "<group>"; };
		361097252B209976004DBFD6 /* Inter-Bold.otf */ = {isa = PBXFileReference; lastKnownFileType = file; path = "Inter-Bold.otf"; sourceTree = "<group>"; };
		361097262B209976004DBFD6 /* Inter-Regular.otf */ = {isa = PBXFileReference; lastKnownFileType = file; path = "Inter-Regular.otf"; sourceTree = "<group>"; };
		361097272B209976004DBFD6 /* Inter-SemiBoldItalic.otf */ = {isa = PBXFileReference; lastKnownFileType = file; path = "Inter-SemiBoldItalic.otf"; sourceTree = "<group>"; };
		361097282B209976004DBFD6 /* Inter-Thin.otf */ = {isa = PBXFileReference; lastKnownFileType = file; path = "Inter-Thin.otf"; sourceTree = "<group>"; };
		361097292B209976004DBFD6 /* Inter-Light.otf */ = {isa = PBXFileReference; lastKnownFileType = file; path = "Inter-Light.otf"; sourceTree = "<group>"; };
		3610972A2B209976004DBFD6 /* Inter-ExtraLightItalic.otf */ = {isa = PBXFileReference; lastKnownFileType = file; path = "Inter-ExtraLightItalic.otf"; sourceTree = "<group>"; };
		3610972B2B209976004DBFD6 /* Inter-Medium.otf */ = {isa = PBXFileReference; lastKnownFileType = file; path = "Inter-Medium.otf"; sourceTree = "<group>"; };
		3610972C2B209976004DBFD6 /* Inter-SemiBold.otf */ = {isa = PBXFileReference; lastKnownFileType = file; path = "Inter-SemiBold.otf"; sourceTree = "<group>"; };
		3610972D2B209976004DBFD6 /* Inter-BlackItalic.otf */ = {isa = PBXFileReference; lastKnownFileType = file; path = "Inter-BlackItalic.otf"; sourceTree = "<group>"; };
		3610972E2B209976004DBFD6 /* Inter-MediumItalic.otf */ = {isa = PBXFileReference; lastKnownFileType = file; path = "Inter-MediumItalic.otf"; sourceTree = "<group>"; };
		3610972F2B209976004DBFD6 /* Inter-Italic.otf */ = {isa = PBXFileReference; lastKnownFileType = file; path = "Inter-Italic.otf"; sourceTree = "<group>"; };
		361097302B209976004DBFD6 /* Inter-ExtraBold.otf */ = {isa = PBXFileReference; lastKnownFileType = file; path = "Inter-ExtraBold.otf"; sourceTree = "<group>"; };
		361097312B209976004DBFD6 /* Inter-ThinItalic.otf */ = {isa = PBXFileReference; lastKnownFileType = file; path = "Inter-ThinItalic.otf"; sourceTree = "<group>"; };
		361097322B209976004DBFD6 /* Inter-ExtraLight.otf */ = {isa = PBXFileReference; lastKnownFileType = file; path = "Inter-ExtraLight.otf"; sourceTree = "<group>"; };
		361097332B209976004DBFD6 /* Inter-ExtraBoldItalic.otf */ = {isa = PBXFileReference; lastKnownFileType = file; path = "Inter-ExtraBoldItalic.otf"; sourceTree = "<group>"; };
		361097342B209976004DBFD6 /* Inter-BoldItalic.otf */ = {isa = PBXFileReference; lastKnownFileType = file; path = "Inter-BoldItalic.otf"; sourceTree = "<group>"; };
		361097352B209976004DBFD6 /* Inter-LightItalic.otf */ = {isa = PBXFileReference; lastKnownFileType = file; path = "Inter-LightItalic.otf"; sourceTree = "<group>"; };
		36129F5C2B22C3BE00124549 /* InActiveProductModel.swift */ = {isa = PBXFileReference; lastKnownFileType = sourcecode.swift; path = InActiveProductModel.swift; sourceTree = "<group>"; };
		36129F5E2B22D5EB00124549 /* InactiveJobsViewModel.swift */ = {isa = PBXFileReference; lastKnownFileType = sourcecode.swift; path = InactiveJobsViewModel.swift; sourceTree = "<group>"; };
		36131FF52B20D018004CDA22 /* JobsModel.swift */ = {isa = PBXFileReference; lastKnownFileType = sourcecode.swift; path = JobsModel.swift; sourceTree = "<group>"; };
		36131FF72B20D563004CDA22 /* JobsViewModel.swift */ = {isa = PBXFileReference; lastKnownFileType = sourcecode.swift; path = JobsViewModel.swift; sourceTree = "<group>"; };
		361E57DB2B1E3D7000EFCE3A /* Network.swift */ = {isa = PBXFileReference; lastKnownFileType = sourcecode.swift; path = Network.swift; sourceTree = "<group>"; };
		363267C92B1EC77A000376F5 /* LoginViewModel.swift */ = {isa = PBXFileReference; lastKnownFileType = sourcecode.swift; path = LoginViewModel.swift; sourceTree = "<group>"; };
		363267CB2B1EC81D000376F5 /* LoginModel.swift */ = {isa = PBXFileReference; lastKnownFileType = sourcecode.swift; path = LoginModel.swift; sourceTree = "<group>"; };
		363267CE2B1EF1BB000376F5 /* ValidationManager.swift */ = {isa = PBXFileReference; lastKnownFileType = sourcecode.swift; path = ValidationManager.swift; sourceTree = "<group>"; };
		363267D02B1EF483000376F5 /* StringExtension.swift */ = {isa = PBXFileReference; lastKnownFileType = sourcecode.swift; path = StringExtension.swift; sourceTree = "<group>"; };
		365D35DB2B1F887E00A88D60 /* CustomNavigationViewController.swift */ = {isa = PBXFileReference; lastKnownFileType = sourcecode.swift; path = CustomNavigationViewController.swift; sourceTree = "<group>"; };
		365D35DE2B1F8B1C00A88D60 /* WorkViewController.swift */ = {isa = PBXFileReference; lastKnownFileType = sourcecode.swift; path = WorkViewController.swift; sourceTree = "<group>"; };
		365D35E02B1F8B2B00A88D60 /* RecruitViewController.swift */ = {isa = PBXFileReference; lastKnownFileType = sourcecode.swift; path = RecruitViewController.swift; sourceTree = "<group>"; };
		365D35E22B1F8B3800A88D60 /* SocialViewController.swift */ = {isa = PBXFileReference; lastKnownFileType = sourcecode.swift; path = SocialViewController.swift; sourceTree = "<group>"; };
		365D35E42B1F8B4300A88D60 /* MessageViewController.swift */ = {isa = PBXFileReference; lastKnownFileType = sourcecode.swift; path = MessageViewController.swift; sourceTree = "<group>"; };
		365D35E62B1F8B5200A88D60 /* ProfileViewController.swift */ = {isa = PBXFileReference; lastKnownFileType = sourcecode.swift; path = ProfileViewController.swift; sourceTree = "<group>"; };
		365D35E82B1F97BC00A88D60 /* CircularProgressView.swift */ = {isa = PBXFileReference; lastKnownFileType = sourcecode.swift; path = CircularProgressView.swift; sourceTree = "<group>"; };
		365FC4F32B1E6C8F00412FF4 /* UIViewExtension.swift */ = {isa = PBXFileReference; fileEncoding = 4; lastKnownFileType = sourcecode.swift; path = UIViewExtension.swift; sourceTree = "<group>"; };
		365FC4F52B1E6C9500412FF4 /* UIColorExtension.swift */ = {isa = PBXFileReference; fileEncoding = 4; lastKnownFileType = sourcecode.swift; path = UIColorExtension.swift; sourceTree = "<group>"; };
		365FC4FA2B1E6DA500412FF4 /* SecondSplashScreenViewController.swift */ = {isa = PBXFileReference; lastKnownFileType = sourcecode.swift; path = SecondSplashScreenViewController.swift; sourceTree = "<group>"; };
		365FC4FD2B1E6EAF00412FF4 /* Poppins */ = {isa = PBXFileReference; lastKnownFileType = folder; path = Poppins; sourceTree = "<group>"; };
		365FC5012B1E787200412FF4 /* Launch Screen.storyboard */ = {isa = PBXFileReference; lastKnownFileType = file.storyboard; path = "Launch Screen.storyboard"; sourceTree = "<group>"; };
		365FC5032B1E8A7900412FF4 /* SignInViewController.swift */ = {isa = PBXFileReference; lastKnownFileType = sourcecode.swift; path = SignInViewController.swift; sourceTree = "<group>"; };
		365FC5052B1E8AD700412FF4 /* VerifyOTPViewController.swift */ = {isa = PBXFileReference; lastKnownFileType = sourcecode.swift; path = VerifyOTPViewController.swift; sourceTree = "<group>"; };
		365FC5072B1E8B0200412FF4 /* CorrectPhoneNumberPOPViewController.swift */ = {isa = PBXFileReference; lastKnownFileType = sourcecode.swift; path = CorrectPhoneNumberPOPViewController.swift; sourceTree = "<group>"; };
		365FC5092B1E930B00412FF4 /* DashBoardViewController.swift */ = {isa = PBXFileReference; lastKnownFileType = sourcecode.swift; path = DashBoardViewController.swift; sourceTree = "<group>"; };
		36D97E772B2708F4006275C8 /* ImageDownloadManager.swift */ = {isa = PBXFileReference; lastKnownFileType = sourcecode.swift; path = ImageDownloadManager.swift; sourceTree = "<group>"; };
		36DB407B2B21E389009EDA05 /* UserDefaultManager.swift */ = {isa = PBXFileReference; lastKnownFileType = sourcecode.swift; path = UserDefaultManager.swift; sourceTree = "<group>"; };
		36DB407D2B21E570009EDA05 /* DeviceIdManager.swift */ = {isa = PBXFileReference; lastKnownFileType = sourcecode.swift; path = DeviceIdManager.swift; sourceTree = "<group>"; };
		36E2335E2B1E2D22001AE0D5 /* GoodSpaceApp.app */ = {isa = PBXFileReference; explicitFileType = wrapper.application; includeInIndex = 0; path = GoodSpaceApp.app; sourceTree = BUILT_PRODUCTS_DIR; };
		36E233612B1E2D22001AE0D5 /* AppDelegate.swift */ = {isa = PBXFileReference; lastKnownFileType = sourcecode.swift; path = AppDelegate.swift; sourceTree = "<group>"; };
		36E233632B1E2D22001AE0D5 /* SceneDelegate.swift */ = {isa = PBXFileReference; lastKnownFileType = sourcecode.swift; path = SceneDelegate.swift; sourceTree = "<group>"; };
		36E233652B1E2D22001AE0D5 /* ViewController.swift */ = {isa = PBXFileReference; lastKnownFileType = sourcecode.swift; path = ViewController.swift; sourceTree = "<group>"; };
		36E233682B1E2D22001AE0D5 /* Base */ = {isa = PBXFileReference; lastKnownFileType = file.storyboard; name = Base; path = Base.lproj/Main.storyboard; sourceTree = "<group>"; };
		36E2336A2B1E2D23001AE0D5 /* Assets.xcassets */ = {isa = PBXFileReference; lastKnownFileType = folder.assetcatalog; path = Assets.xcassets; sourceTree = "<group>"; };
		36E2336F2B1E2D23001AE0D5 /* Info.plist */ = {isa = PBXFileReference; lastKnownFileType = text.plist.xml; path = Info.plist; sourceTree = "<group>"; };
		36E8822D2B1F58140094A35C /* VerifyPhoneNumberModel.swift */ = {isa = PBXFileReference; lastKnownFileType = sourcecode.swift; path = VerifyPhoneNumberModel.swift; sourceTree = "<group>"; };
		36E8822F2B1F5D4E0094A35C /* verifyNumberModelView.swift */ = {isa = PBXFileReference; lastKnownFileType = sourcecode.swift; path = verifyNumberModelView.swift; sourceTree = "<group>"; };
/* End PBXFileReference section */

/* Begin PBXFrameworksBuildPhase section */
		36E2335B2B1E2D22001AE0D5 /* Frameworks */ = {
			isa = PBXFrameworksBuildPhase;
			buildActionMask = 2147483647;
			files = (
			);
			runOnlyForDeploymentPostprocessing = 0;
		};
/* End PBXFrameworksBuildPhase section */

/* Begin PBXGroup section */
		361097242B209976004DBFD6 /* Inter */ = {
			isa = PBXGroup;
			children = (
				361097252B209976004DBFD6 /* Inter-Bold.otf */,
				361097262B209976004DBFD6 /* Inter-Regular.otf */,
				361097272B209976004DBFD6 /* Inter-SemiBoldItalic.otf */,
				361097282B209976004DBFD6 /* Inter-Thin.otf */,
				361097292B209976004DBFD6 /* Inter-Light.otf */,
				3610972A2B209976004DBFD6 /* Inter-ExtraLightItalic.otf */,
				3610972B2B209976004DBFD6 /* Inter-Medium.otf */,
				3610972C2B209976004DBFD6 /* Inter-SemiBold.otf */,
				3610972D2B209976004DBFD6 /* Inter-BlackItalic.otf */,
				3610972E2B209976004DBFD6 /* Inter-MediumItalic.otf */,
				3610972F2B209976004DBFD6 /* Inter-Italic.otf */,
				361097302B209976004DBFD6 /* Inter-ExtraBold.otf */,
				361097312B209976004DBFD6 /* Inter-ThinItalic.otf */,
				361097322B209976004DBFD6 /* Inter-ExtraLight.otf */,
				361097332B209976004DBFD6 /* Inter-ExtraBoldItalic.otf */,
				361097342B209976004DBFD6 /* Inter-BoldItalic.otf */,
				361097352B209976004DBFD6 /* Inter-LightItalic.otf */,
			);
			path = Inter;
			sourceTree = "<group>";
		};
		361E57DA2B1E3D6000EFCE3A /* Networking */ = {
			isa = PBXGroup;
			children = (
				361E57DB2B1E3D7000EFCE3A /* Network.swift */,
				36D97E772B2708F4006275C8 /* ImageDownloadManager.swift */,
			);
			path = Networking;
			sourceTree = "<group>";
		};
		363267CD2B1EF1A7000376F5 /* Helper */ = {
			isa = PBXGroup;
			children = (
				363267CE2B1EF1BB000376F5 /* ValidationManager.swift */,
				365D35E82B1F97BC00A88D60 /* CircularProgressView.swift */,
				365D35DB2B1F887E00A88D60 /* CustomNavigationViewController.swift */,
				36DB407B2B21E389009EDA05 /* UserDefaultManager.swift */,
				36DB407D2B21E570009EDA05 /* DeviceIdManager.swift */,
			);
			path = Helper;
			sourceTree = "<group>";
		};
		365D35DD2B1F8ADE00A88D60 /* TabBarControllers */ = {
			isa = PBXGroup;
			children = (
				365D35DE2B1F8B1C00A88D60 /* WorkViewController.swift */,
				365D35E02B1F8B2B00A88D60 /* RecruitViewController.swift */,
				365D35E22B1F8B3800A88D60 /* SocialViewController.swift */,
				365D35E42B1F8B4300A88D60 /* MessageViewController.swift */,
				365D35E62B1F8B5200A88D60 /* ProfileViewController.swift */,
				3610971C2B20568B004DBFD6 /* BaseViewController.swift */,
				3610971E2B207650004DBFD6 /* FutureCollectionViewCell.swift */,
				361097222B209350004DBFD6 /* JobsTableViewCell.swift */,
			);
			path = TabBarControllers;
			sourceTree = "<group>";
		};
		365FC4F22B1E6C8000412FF4 /* Extensions */ = {
			isa = PBXGroup;
			children = (
				365FC4F32B1E6C8F00412FF4 /* UIViewExtension.swift */,
				365FC4F52B1E6C9500412FF4 /* UIColorExtension.swift */,
				363267D02B1EF483000376F5 /* StringExtension.swift */,
			);
			path = Extensions;
			sourceTree = "<group>";
		};
		365FC4F72B1E6CF500412FF4 /* Model */ = {
			isa = PBXGroup;
			children = (
				363267CB2B1EC81D000376F5 /* LoginModel.swift */,
				36E8822D2B1F58140094A35C /* VerifyPhoneNumberModel.swift */,
				36131FF52B20D018004CDA22 /* JobsModel.swift */,
				36129F5C2B22C3BE00124549 /* InActiveProductModel.swift */,
			);
			path = Model;
			sourceTree = "<group>";
		};
		365FC4F82B1E6CFF00412FF4 /* View */ = {
			isa = PBXGroup;
			children = (
				365D35DD2B1F8ADE00A88D60 /* TabBarControllers */,
				365FC4FA2B1E6DA500412FF4 /* SecondSplashScreenViewController.swift */,
				365FC5032B1E8A7900412FF4 /* SignInViewController.swift */,
				365FC5052B1E8AD700412FF4 /* VerifyOTPViewController.swift */,
				365FC5072B1E8B0200412FF4 /* CorrectPhoneNumberPOPViewController.swift */,
				365FC5092B1E930B00412FF4 /* DashBoardViewController.swift */,
			);
			path = View;
			sourceTree = "<group>";
		};
		365FC4F92B1E6D0700412FF4 /* ViewModel */ = {
			isa = PBXGroup;
			children = (
				363267C92B1EC77A000376F5 /* LoginViewModel.swift */,
				36E8822F2B1F5D4E0094A35C /* verifyNumberModelView.swift */,
				36131FF72B20D563004CDA22 /* JobsViewModel.swift */,
				36129F5E2B22D5EB00124549 /* InactiveJobsViewModel.swift */,
			);
			path = ViewModel;
			sourceTree = "<group>";
		};
		365FC4FC2B1E6E9F00412FF4 /* CustomFonts */ = {
			isa = PBXGroup;
			children = (
				361097242B209976004DBFD6 /* Inter */,
				365FC4FD2B1E6EAF00412FF4 /* Poppins */,
			);
			path = CustomFonts;
			sourceTree = "<group>";
		};
		36E233552B1E2D22001AE0D5 = {
			isa = PBXGroup;
			children = (
				363267CD2B1EF1A7000376F5 /* Helper */,
				365FC4FC2B1E6E9F00412FF4 /* CustomFonts */,
				361E57DA2B1E3D6000EFCE3A /* Networking */,
				365FC4F22B1E6C8000412FF4 /* Extensions */,
				365FC4F72B1E6CF500412FF4 /* Model */,
				365FC4F82B1E6CFF00412FF4 /* View */,
				365FC4F92B1E6D0700412FF4 /* ViewModel */,
				36E233602B1E2D22001AE0D5 /* GoodSpaceApp */,
				36E2335F2B1E2D22001AE0D5 /* Products */,
			);
			sourceTree = "<group>";
		};
		36E2335F2B1E2D22001AE0D5 /* Products */ = {
			isa = PBXGroup;
			children = (
				36E2335E2B1E2D22001AE0D5 /* GoodSpaceApp.app */,
			);
			name = Products;
			sourceTree = "<group>";
		};
		36E233602B1E2D22001AE0D5 /* GoodSpaceApp */ = {
			isa = PBXGroup;
			children = (
				36E233612B1E2D22001AE0D5 /* AppDelegate.swift */,
				36E233632B1E2D22001AE0D5 /* SceneDelegate.swift */,
				36E233652B1E2D22001AE0D5 /* ViewController.swift */,
				36E233672B1E2D22001AE0D5 /* Main.storyboard */,
				36E2336A2B1E2D23001AE0D5 /* Assets.xcassets */,
				365FC5012B1E787200412FF4 /* Launch Screen.storyboard */,
				36E2336F2B1E2D23001AE0D5 /* Info.plist */,
			);
			path = GoodSpaceApp;
			sourceTree = "<group>";
		};
/* End PBXGroup section */

/* Begin PBXNativeTarget section */
		36E2335D2B1E2D22001AE0D5 /* GoodSpaceApp */ = {
			isa = PBXNativeTarget;
			buildConfigurationList = 36E233722B1E2D23001AE0D5 /* Build configuration list for PBXNativeTarget "GoodSpaceApp" */;
			buildPhases = (
				36E2335A2B1E2D22001AE0D5 /* Sources */,
				36E2335B2B1E2D22001AE0D5 /* Frameworks */,
				36E2335C2B1E2D22001AE0D5 /* Resources */,
			);
			buildRules = (
			);
			dependencies = (
			);
			name = GoodSpaceApp;
			productName = GoodSpaceApp;
			productReference = 36E2335E2B1E2D22001AE0D5 /* GoodSpaceApp.app */;
			productType = "com.apple.product-type.application";
		};
/* End PBXNativeTarget section */

/* Begin PBXProject section */
		36E233562B1E2D22001AE0D5 /* Project object */ = {
			isa = PBXProject;
			attributes = {
				BuildIndependentTargetsInParallel = 1;
				LastSwiftUpdateCheck = 1420;
				LastUpgradeCheck = 1420;
				TargetAttributes = {
					36E2335D2B1E2D22001AE0D5 = {
						CreatedOnToolsVersion = 14.2;
					};
				};
			};
			buildConfigurationList = 36E233592B1E2D22001AE0D5 /* Build configuration list for PBXProject "GoodSpaceApp" */;
			compatibilityVersion = "Xcode 14.0";
			developmentRegion = en;
			hasScannedForEncodings = 0;
			knownRegions = (
				en,
				Base,
			);
			mainGroup = 36E233552B1E2D22001AE0D5;
			productRefGroup = 36E2335F2B1E2D22001AE0D5 /* Products */;
			projectDirPath = "";
			projectRoot = "";
			targets = (
				36E2335D2B1E2D22001AE0D5 /* GoodSpaceApp */,
			);
		};
/* End PBXProject section */

/* Begin PBXResourcesBuildPhase section */
		36E2335C2B1E2D22001AE0D5 /* Resources */ = {
			isa = PBXResourcesBuildPhase;
			buildActionMask = 2147483647;
			files = (
				365FC4FE2B1E6EB000412FF4 /* Poppins in Resources */,
				36E2336B2B1E2D23001AE0D5 /* Assets.xcassets in Resources */,
				365FC5022B1E787200412FF4 /* Launch Screen.storyboard in Resources */,
				36E233692B1E2D22001AE0D5 /* Main.storyboard in Resources */,
			);
			runOnlyForDeploymentPostprocessing = 0;
		};
/* End PBXResourcesBuildPhase section */

/* Begin PBXSourcesBuildPhase section */
		36E2335A2B1E2D22001AE0D5 /* Sources */ = {
			isa = PBXSourcesBuildPhase;
			buildActionMask = 2147483647;
			files = (
				36E882302B1F5D4E0094A35C /* verifyNumberModelView.swift in Sources */,
				36131FF62B20D018004CDA22 /* JobsModel.swift in Sources */,
				365FC4F42B1E6C8F00412FF4 /* UIViewExtension.swift in Sources */,
				36DB407E2B21E570009EDA05 /* DeviceIdManager.swift in Sources */,
				365FC4FB2B1E6DA500412FF4 /* SecondSplashScreenViewController.swift in Sources */,
				36D97E782B2708F4006275C8 /* ImageDownloadManager.swift in Sources */,
				363267D12B1EF483000376F5 /* StringExtension.swift in Sources */,
				36E233662B1E2D22001AE0D5 /* ViewController.swift in Sources */,
				36E233622B1E2D22001AE0D5 /* AppDelegate.swift in Sources */,
				361097232B209350004DBFD6 /* JobsTableViewCell.swift in Sources */,
				365FC5042B1E8A7900412FF4 /* SignInViewController.swift in Sources */,
				365D35E12B1F8B2B00A88D60 /* RecruitViewController.swift in Sources */,
				365D35DC2B1F887E00A88D60 /* CustomNavigationViewController.swift in Sources */,
				365D35E32B1F8B3900A88D60 /* SocialViewController.swift in Sources */,
				365D35E92B1F97BC00A88D60 /* CircularProgressView.swift in Sources */,
				365FC5082B1E8B0200412FF4 /* CorrectPhoneNumberPOPViewController.swift in Sources */,
				365D35DF2B1F8B1C00A88D60 /* WorkViewController.swift in Sources */,
				363267CF2B1EF1BB000376F5 /* ValidationManager.swift in Sources */,
				365FC5062B1E8AD700412FF4 /* VerifyOTPViewController.swift in Sources */,
				361E57DC2B1E3D7000EFCE3A /* Network.swift in Sources */,
				365D35E72B1F8B5200A88D60 /* ProfileViewController.swift in Sources */,
				36E8822E2B1F58140094A35C /* VerifyPhoneNumberModel.swift in Sources */,
				36129F5F2B22D5EB00124549 /* InactiveJobsViewModel.swift in Sources */,
				363267CC2B1EC81D000376F5 /* LoginModel.swift in Sources */,
				3610971F2B207650004DBFD6 /* FutureCollectionViewCell.swift in Sources */,
				36131FF82B20D563004CDA22 /* JobsViewModel.swift in Sources */,
				363267CA2B1EC77A000376F5 /* LoginViewModel.swift in Sources */,
				36DB407C2B21E389009EDA05 /* UserDefaultManager.swift in Sources */,
				36129F5D2B22C3BE00124549 /* InActiveProductModel.swift in Sources */,
				3610971D2B20568B004DBFD6 /* BaseViewController.swift in Sources */,
				365D35E52B1F8B4300A88D60 /* MessageViewController.swift in Sources */,
				365FC50A2B1E930B00412FF4 /* DashBoardViewController.swift in Sources */,
				36E233642B1E2D22001AE0D5 /* SceneDelegate.swift in Sources */,
				365FC4F62B1E6C9500412FF4 /* UIColorExtension.swift in Sources */,
			);
			runOnlyForDeploymentPostprocessing = 0;
		};
/* End PBXSourcesBuildPhase section */

/* Begin PBXVariantGroup section */
		36E233672B1E2D22001AE0D5 /* Main.storyboard */ = {
			isa = PBXVariantGroup;
			children = (
				36E233682B1E2D22001AE0D5 /* Base */,
			);
			name = Main.storyboard;
			sourceTree = "<group>";
		};
/* End PBXVariantGroup section */

/* Begin XCBuildConfiguration section */
		36E233702B1E2D23001AE0D5 /* Debug */ = {
			isa = XCBuildConfiguration;
			buildSettings = {
				ALWAYS_SEARCH_USER_PATHS = NO;
				CLANG_ANALYZER_NONNULL = YES;
				CLANG_ANALYZER_NUMBER_OBJECT_CONVERSION = YES_AGGRESSIVE;
				CLANG_CXX_LANGUAGE_STANDARD = "gnu++20";
				CLANG_ENABLE_MODULES = YES;
				CLANG_ENABLE_OBJC_ARC = YES;
				CLANG_ENABLE_OBJC_WEAK = YES;
				CLANG_WARN_BLOCK_CAPTURE_AUTORELEASING = YES;
				CLANG_WARN_BOOL_CONVERSION = YES;
				CLANG_WARN_COMMA = YES;
				CLANG_WARN_CONSTANT_CONVERSION = YES;
				CLANG_WARN_DEPRECATED_OBJC_IMPLEMENTATIONS = YES;
				CLANG_WARN_DIRECT_OBJC_ISA_USAGE = YES_ERROR;
				CLANG_WARN_DOCUMENTATION_COMMENTS = YES;
				CLANG_WARN_EMPTY_BODY = YES;
				CLANG_WARN_ENUM_CONVERSION = YES;
				CLANG_WARN_INFINITE_RECURSION = YES;
				CLANG_WARN_INT_CONVERSION = YES;
				CLANG_WARN_NON_LITERAL_NULL_CONVERSION = YES;
				CLANG_WARN_OBJC_IMPLICIT_RETAIN_SELF = YES;
				CLANG_WARN_OBJC_LITERAL_CONVERSION = YES;
				CLANG_WARN_OBJC_ROOT_CLASS = YES_ERROR;
				CLANG_WARN_QUOTED_INCLUDE_IN_FRAMEWORK_HEADER = YES;
				CLANG_WARN_RANGE_LOOP_ANALYSIS = YES;
				CLANG_WARN_STRICT_PROTOTYPES = YES;
				CLANG_WARN_SUSPICIOUS_MOVE = YES;
				CLANG_WARN_UNGUARDED_AVAILABILITY = YES_AGGRESSIVE;
				CLANG_WARN_UNREACHABLE_CODE = YES;
				CLANG_WARN__DUPLICATE_METHOD_MATCH = YES;
				COPY_PHASE_STRIP = NO;
				DEBUG_INFORMATION_FORMAT = dwarf;
				ENABLE_STRICT_OBJC_MSGSEND = YES;
				ENABLE_TESTABILITY = YES;
				GCC_C_LANGUAGE_STANDARD = gnu11;
				GCC_DYNAMIC_NO_PIC = NO;
				GCC_NO_COMMON_BLOCKS = YES;
				GCC_OPTIMIZATION_LEVEL = 0;
				GCC_PREPROCESSOR_DEFINITIONS = (
					"DEBUG=1",
					"$(inherited)",
				);
				GCC_WARN_64_TO_32_BIT_CONVERSION = YES;
				GCC_WARN_ABOUT_RETURN_TYPE = YES_ERROR;
				GCC_WARN_UNDECLARED_SELECTOR = YES;
				GCC_WARN_UNINITIALIZED_AUTOS = YES_AGGRESSIVE;
				GCC_WARN_UNUSED_FUNCTION = YES;
				GCC_WARN_UNUSED_VARIABLE = YES;
				IPHONEOS_DEPLOYMENT_TARGET = 16.2;
				MTL_ENABLE_DEBUG_INFO = INCLUDE_SOURCE;
				MTL_FAST_MATH = YES;
				ONLY_ACTIVE_ARCH = YES;
				SDKROOT = iphoneos;
				SWIFT_ACTIVE_COMPILATION_CONDITIONS = DEBUG;
				SWIFT_OPTIMIZATION_LEVEL = "-Onone";
			};
			name = Debug;
		};
		36E233712B1E2D23001AE0D5 /* Release */ = {
			isa = XCBuildConfiguration;
			buildSettings = {
				ALWAYS_SEARCH_USER_PATHS = NO;
				CLANG_ANALYZER_NONNULL = YES;
				CLANG_ANALYZER_NUMBER_OBJECT_CONVERSION = YES_AGGRESSIVE;
				CLANG_CXX_LANGUAGE_STANDARD = "gnu++20";
				CLANG_ENABLE_MODULES = YES;
				CLANG_ENABLE_OBJC_ARC = YES;
				CLANG_ENABLE_OBJC_WEAK = YES;
				CLANG_WARN_BLOCK_CAPTURE_AUTORELEASING = YES;
				CLANG_WARN_BOOL_CONVERSION = YES;
				CLANG_WARN_COMMA = YES;
				CLANG_WARN_CONSTANT_CONVERSION = YES;
				CLANG_WARN_DEPRECATED_OBJC_IMPLEMENTATIONS = YES;
				CLANG_WARN_DIRECT_OBJC_ISA_USAGE = YES_ERROR;
				CLANG_WARN_DOCUMENTATION_COMMENTS = YES;
				CLANG_WARN_EMPTY_BODY = YES;
				CLANG_WARN_ENUM_CONVERSION = YES;
				CLANG_WARN_INFINITE_RECURSION = YES;
				CLANG_WARN_INT_CONVERSION = YES;
				CLANG_WARN_NON_LITERAL_NULL_CONVERSION = YES;
				CLANG_WARN_OBJC_IMPLICIT_RETAIN_SELF = YES;
				CLANG_WARN_OBJC_LITERAL_CONVERSION = YES;
				CLANG_WARN_OBJC_ROOT_CLASS = YES_ERROR;
				CLANG_WARN_QUOTED_INCLUDE_IN_FRAMEWORK_HEADER = YES;
				CLANG_WARN_RANGE_LOOP_ANALYSIS = YES;
				CLANG_WARN_STRICT_PROTOTYPES = YES;
				CLANG_WARN_SUSPICIOUS_MOVE = YES;
				CLANG_WARN_UNGUARDED_AVAILABILITY = YES_AGGRESSIVE;
				CLANG_WARN_UNREACHABLE_CODE = YES;
				CLANG_WARN__DUPLICATE_METHOD_MATCH = YES;
				COPY_PHASE_STRIP = NO;
				DEBUG_INFORMATION_FORMAT = "dwarf-with-dsym";
				ENABLE_NS_ASSERTIONS = NO;
				ENABLE_STRICT_OBJC_MSGSEND = YES;
				GCC_C_LANGUAGE_STANDARD = gnu11;
				GCC_NO_COMMON_BLOCKS = YES;
				GCC_WARN_64_TO_32_BIT_CONVERSION = YES;
				GCC_WARN_ABOUT_RETURN_TYPE = YES_ERROR;
				GCC_WARN_UNDECLARED_SELECTOR = YES;
				GCC_WARN_UNINITIALIZED_AUTOS = YES_AGGRESSIVE;
				GCC_WARN_UNUSED_FUNCTION = YES;
				GCC_WARN_UNUSED_VARIABLE = YES;
				IPHONEOS_DEPLOYMENT_TARGET = 16.2;
				MTL_ENABLE_DEBUG_INFO = NO;
				MTL_FAST_MATH = YES;
				SDKROOT = iphoneos;
				SWIFT_COMPILATION_MODE = wholemodule;
				SWIFT_OPTIMIZATION_LEVEL = "-O";
				VALIDATE_PRODUCT = YES;
			};
			name = Release;
		};
		36E233732B1E2D23001AE0D5 /* Debug */ = {
			isa = XCBuildConfiguration;
			buildSettings = {
				ASSETCATALOG_COMPILER_APPICON_NAME = AppIcon;
				ASSETCATALOG_COMPILER_GLOBAL_ACCENT_COLOR_NAME = AccentColor;
				CODE_SIGN_STYLE = Automatic;
				CURRENT_PROJECT_VERSION = 1;
				GENERATE_INFOPLIST_FILE = YES;
				INFOPLIST_FILE = GoodSpaceApp/Info.plist;
				INFOPLIST_KEY_CFBundleDisplayName = "Good Space";
				INFOPLIST_KEY_UIApplicationSupportsIndirectInputEvents = YES;
				INFOPLIST_KEY_UILaunchStoryboardName = "Launch Screen.storyboard";
				INFOPLIST_KEY_UIMainStoryboardFile = Main;
				INFOPLIST_KEY_UISupportedInterfaceOrientations_iPad = "UIInterfaceOrientationPortrait UIInterfaceOrientationPortraitUpsideDown UIInterfaceOrientationLandscapeLeft UIInterfaceOrientationLandscapeRight";
				INFOPLIST_KEY_UISupportedInterfaceOrientations_iPhone = "UIInterfaceOrientationPortrait UIInterfaceOrientationLandscapeLeft UIInterfaceOrientationLandscapeRight";
				LD_RUNPATH_SEARCH_PATHS = (
					"$(inherited)",
					"@executable_path/Frameworks",
				);
				MARKETING_VERSION = 1.0;
				PRODUCT_BUNDLE_IDENTIFIER = public.GoodSpaceApp;
				PRODUCT_NAME = "$(TARGET_NAME)";
				SWIFT_EMIT_LOC_STRINGS = YES;
				SWIFT_VERSION = 5.0;
				TARGETED_DEVICE_FAMILY = "1,2";
			};
			name = Debug;
		};
		36E233742B1E2D23001AE0D5 /* Release */ = {
			isa = XCBuildConfiguration;
			buildSettings = {
				ASSETCATALOG_COMPILER_APPICON_NAME = AppIcon;
				ASSETCATALOG_COMPILER_GLOBAL_ACCENT_COLOR_NAME = AccentColor;
				CODE_SIGN_STYLE = Automatic;
				CURRENT_PROJECT_VERSION = 1;
				GENERATE_INFOPLIST_FILE = YES;
				INFOPLIST_FILE = GoodSpaceApp/Info.plist;
				INFOPLIST_KEY_CFBundleDisplayName = "Good Space";
				INFOPLIST_KEY_UIApplicationSupportsIndirectInputEvents = YES;
				INFOPLIST_KEY_UILaunchStoryboardName = "Launch Screen.storyboard";
				INFOPLIST_KEY_UIMainStoryboardFile = Main;
				INFOPLIST_KEY_UISupportedInterfaceOrientations_iPad = "UIInterfaceOrientationPortrait UIInterfaceOrientationPortraitUpsideDown UIInterfaceOrientationLandscapeLeft UIInterfaceOrientationLandscapeRight";
				INFOPLIST_KEY_UISupportedInterfaceOrientations_iPhone = "UIInterfaceOrientationPortrait UIInterfaceOrientationLandscapeLeft UIInterfaceOrientationLandscapeRight";
				LD_RUNPATH_SEARCH_PATHS = (
					"$(inherited)",
					"@executable_path/Frameworks",
				);
				MARKETING_VERSION = 1.0;
				PRODUCT_BUNDLE_IDENTIFIER = public.GoodSpaceApp;
				PRODUCT_NAME = "$(TARGET_NAME)";
				SWIFT_EMIT_LOC_STRINGS = YES;
				SWIFT_VERSION = 5.0;
				TARGETED_DEVICE_FAMILY = "1,2";
			};
			name = Release;
		};
/* End XCBuildConfiguration section */

/* Begin XCConfigurationList section */
		36E233592B1E2D22001AE0D5 /* Build configuration list for PBXProject "GoodSpaceApp" */ = {
			isa = XCConfigurationList;
			buildConfigurations = (
				36E233702B1E2D23001AE0D5 /* Debug */,
				36E233712B1E2D23001AE0D5 /* Release */,
			);
			defaultConfigurationIsVisible = 0;
			defaultConfigurationName = Release;
		};
		36E233722B1E2D23001AE0D5 /* Build configuration list for PBXNativeTarget "GoodSpaceApp" */ = {
			isa = XCConfigurationList;
			buildConfigurations = (
				36E233732B1E2D23001AE0D5 /* Debug */,
				36E233742B1E2D23001AE0D5 /* Release */,
			);
			defaultConfigurationIsVisible = 0;
			defaultConfigurationName = Release;
		};
/* End XCConfigurationList section */
	};
	rootObject = 36E233562B1E2D22001AE0D5 /* Project object */;
}
